# This file is automatically @generated by Cargo.
# It is not intended for manual editing.
version = 3

[[package]]
name = "arc-swap"
version = "1.5.0"
source = "registry+https://github.com/rust-lang/crates.io-index"
checksum = "c5d78ce20460b82d3fa150275ed9d55e21064fc7951177baacf86a145c4a4b1f"

[[package]]
name = "autocfg"
version = "1.0.0"
source = "registry+https://github.com/rust-lang/crates.io-index"
checksum = "f8aac770f1885fd7e387acedd76065302551364496e46b3dd00860b2f8359b9d"

[[package]]
name = "elysees"
version = "0.3.1"
dependencies = [
 "arc-swap",
 "erasable",
 "lazy_static",
 "memoffset",
 "serde",
 "slice-dst",
 "stable_deref_trait",
 "unsize",
]

[[package]]
name = "erasable"
version = "1.2.1"
source = "registry+https://github.com/rust-lang/crates.io-index"
checksum = "5f11890ce181d47a64e5d1eb4b6caba0e7bae911a356723740d058a5d0340b7d"
dependencies = [
 "autocfg",
 "scopeguard",
]

[[package]]
name = "lazy_static"
version = "1.4.0"
source = "registry+https://github.com/rust-lang/crates.io-index"
checksum = "e2abad23fbc42b3700f2f279844dc832adb2b2eb069b2df918f455c4e18cc646"

[[package]]
name = "memoffset"
version = "0.6.1"
source = "registry+https://github.com/rust-lang/crates.io-index"
checksum = "157b4208e3059a8f9e78d559edc658e13df41410cb3ae03979c83130067fdd87"
dependencies = [
 "autocfg",
]

[[package]]
name = "scopeguard"
version = "1.1.0"
source = "registry+https://github.com/rust-lang/crates.io-index"
checksum = "d29ab0c6d3fc0ee92fe66e2d99f700eab17a8d57d1c1d3b748380fb20baa78cd"

[[package]]
name = "serde"
version = "1.0.106"
source = "registry+https://github.com/rust-lang/crates.io-index"
checksum = "36df6ac6412072f67cf767ebbde4133a5b2e88e76dc6187fa7104cd16f783399"

[[package]]
name = "slice-dst"
version = "1.5.1"
source = "registry+https://github.com/rust-lang/crates.io-index"
checksum = "ec1a6721a6d7c2997cea654e3eda6a827432c5dd0a0ed923ddd9b1d691203412"
dependencies = [
 "autocfg",
 "erasable",
]

[[package]]
name = "stable_deref_trait"
version = "1.1.1"
source = "registry+https://github.com/rust-lang/crates.io-index"
checksum = "dba1a27d3efae4351c8051072d619e3ade2820635c3958d826bfea39d59b54c8"

[[package]]
name = "unsize"
version = "1.1.0"
source = "registry+https://github.com/rust-lang/crates.io-index"
checksum = "4fa7a7a734c1a5664a662ddcea0b6c9472a21da8888c957c7f1eaa09dba7a939"
dependencies = [
 "autocfg",
]
